
Microsoft Visual Studio Solution File, Format Version 12.00
# Visual Studio Version 17
VisualStudioVersion = 17.3.32901.215
MinimumVisualStudioVersion = 10.0.40219.1
Project("{FAE04EC0-301F-11D3-BF4B-00C04F79EFBC}") = "WinForms_ADO_CRUD", "WinForms_ADO_CRUD\WinForms_ADO_CRUD.csproj", "{86E701F7-6011-4334-91AB-84303DA115F2}"
EndProject
Global
	GlobalSection(SolutionConfigurationPlatforms) = preSolution
		Debug|Any CPU = Debug|Any CPU
		Release|Any CPU = Release|Any CPU
	EndGlobalSection
	GlobalSection(ProjectConfigurationPlatforms) = postSolution
		{86E701F7-6011-4334-91AB-84303DA115F2}.Debug|Any CPU.ActiveCfg = Debug|Any CPU
		{86E701F7-6011-4334-91AB-84303DA115F2}.Debug|Any CPU.Build.0 = Debug|Any CPU
		{86E701F7-6011-4334-91AB-84303DA115F2}.Release|Any CPU.ActiveCfg = Release|Any CPU
		{86E701F7-6011-4334-91AB-84303DA115F2}.Release|Any CPU.Build.0 = Release|Any CPU
	EndGlobalSection
	GlobalSection(SolutionProperties) = preSolution
		HideSolutionNode = FALSE
	EndGlobalSection
	GlobalSection(ExtensibilityGlobals) = postSolution
		SolutionGuid = {2677A863-FAA0-438D-8306-B8362A77D2B8}
	EndGlobalSection
EndGlobal
